
Microsoft Visual Studio Solution File, Format Version 12.00
# Visual Studio Express 2012 for Web
Project("{2150E333-8FDC-42A3-9474-1A3956D46DE8}") = "Solution Items", "Solution Items", "{E9AE6A5D-7C8F-4B93-A163-F2B1D337B34F}"
	ProjectSection(SolutionItems) = preProject
		display.css = display.css
		GameAssetManager.js = GameAssetManager.js
		HTMLPage1.html = HTMLPage1.html
		include.js = include.js
		main.js = main.js
	EndProjectSection
EndProject
Project("{2150E333-8FDC-42A3-9474-1A3956D46DE8}") = "GameTask", "GameTask", "{35BC1DED-8BBB-4EF6-9B47-673D0E3A9FED}"
	ProjectSection(SolutionItems) = preProject
		GameTask\GameTask_ClearDisp.js = GameTask\GameTask_ClearDisp.js
		GameTask\GameTask_FlipDisp.js = GameTask\GameTask_FlipDisp.js
		GameTask\GameTask_Test.js = GameTask\GameTask_Test.js
		GameTask\GameTask_Test2.js = GameTask\GameTask_Test2.js
		GameTask\GameTaskTemplate.js = GameTask\GameTaskTemplate.js
	EndProjectSection
EndProject
Project("{2150E333-8FDC-42A3-9474-1A3956D46DE8}") = "Asset", "Asset", "{B38AC11B-FF86-4797-A45F-F894F63A43B9}"
	ProjectSection(SolutionItems) = preProject
		Asset\spdata.js = Asset\spdata.js
		Asset\sprite.js = Asset\sprite.js
		Asset\spriteFont.js = Asset\spriteFont.js
	EndProjectSection
EndProject
Project("{2150E333-8FDC-42A3-9474-1A3956D46DE8}") = "Controller", "Controller", "{4B7A7241-5B4B-45CD-937F-522A5A25F126}"
	ProjectSection(SolutionItems) = preProject
		Controller\DisplayControl.js = Controller\DisplayControl.js
		Controller\GameCore.js = Controller\GameCore.js
		Controller\GameTaskControl.js = Controller\GameTaskControl.js
		Controller\inputKeyboard.js = Controller\inputKeyboard.js
		Controller\inputMouse.js = Controller\inputMouse.js
		Controller\offScreen.js = Controller\offScreen.js
	EndProjectSection
EndProject
Global
	GlobalSection(SolutionProperties) = preSolution
		HideSolutionNode = FALSE
	EndGlobalSection
	GlobalSection(NestedProjects) = preSolution
		{35BC1DED-8BBB-4EF6-9B47-673D0E3A9FED} = {E9AE6A5D-7C8F-4B93-A163-F2B1D337B34F}
		{B38AC11B-FF86-4797-A45F-F894F63A43B9} = {E9AE6A5D-7C8F-4B93-A163-F2B1D337B34F}
		{4B7A7241-5B4B-45CD-937F-522A5A25F126} = {E9AE6A5D-7C8F-4B93-A163-F2B1D337B34F}
	EndGlobalSection
EndGlobal
